# THIS IS AN AUTOGENERATED FILE. DO NOT EDIT THIS FILE DIRECTLY.
# yarn lockfile v1


"@msgpack/msgpack@^2.7.2":
  version "2.7.2"
  resolved "https://registry.npmmirror.com/@msgpack/msgpack/-/msgpack-2.7.2.tgz#f34b8aa0c49f0dd55eb7eba577081299cbf3f90b"
  integrity sha512-rYEi46+gIzufyYUAoHDnRzkWGxajpD9vVXFQ3g1vbjrBm6P7MBmm+s/fqPa46sxa+8FOUdEuRQKaugo5a4JWpw==

"@types/node@^18.0.3":
  version "18.0.3"
  resolved "https://registry.npmmirror.com/@types/node/-/node-18.0.3.tgz#463fc47f13ec0688a33aec75d078a0541a447199"
  integrity sha512-HzNRZtp4eepNitP+BD6k2L6DROIDG4Q0fm4x+dwfsr6LGmROENnok75VGw40628xf+iR24WeMFcHuuBDUAzzsQ==

enhanced-resolve@^5.8.2:
  version "5.10.0"
  resolved "https://registry.npmmirror.com/enhanced-resolve/-/enhanced-resolve-5.10.0.tgz#0dc579c3bb2a1032e357ac45b8f3a6f3ad4fb1e6"
  integrity sha512-T0yTFjdpldGY8PmuXXR0PyQ1ufZpEGiHVrp7zHKB7jdR4qlmZHhONVM5AQOAWXuF/w3dnHbEQVrNptJgt7F+cQ==
  dependencies:
    graceful-fs "^4.2.4"
    tapable "^2.2.0"

function-bind@^1.1.1:
  version "1.1.1"
  resolved "https://registry.npmmirror.com/function-bind/-/function-bind-1.1.1.tgz#a56899d3ea3c9bab874bb9773b7c5ede92f4895d"
  integrity sha512-yIovAzMX49sF8Yl58fSCWJ5svSLuaibPxXQJFLmBObTuCr0Mf1KiPopGM9NiFjiYBCbfaa2Fh6breQ6ANVTI0A==

get-caller-file@^1.0.2:
  version "1.0.3"
  resolved "https://registry.npmmirror.com/get-caller-file/-/get-caller-file-1.0.3.tgz#f978fa4c90d1dfe7ff2d6beda2a515e713bdcf4a"
  integrity sha512-3t6rVToeoZfYSGd8YoLFR2DJkiQrIiUrGcjvFX2mDw3bn6k2OtwHN0TNCLbBO+w8qTvimhDkv+LSscbJY1vE6w==

global-dirs@^0.1.1:
  version "0.1.1"
  resolved "https://registry.npmmirror.com/global-dirs/-/global-dirs-0.1.1.tgz#b319c0dd4607f353f3be9cca4c72fc148c49f445"
  integrity sha512-NknMLn7F2J7aflwFOlGdNIuCDpN3VGoSoB+aap3KABFWbHVn1TCgFC+np23J8W2BiZbjfEw3BFBycSMv1AFblg==
  dependencies:
    ini "^1.3.4"

graceful-fs@^4.2.4:
  version "4.2.10"
  resolved "https://registry.npmmirror.com/graceful-fs/-/graceful-fs-4.2.10.tgz#147d3a006da4ca3ce14728c7aefc287c367d7a6c"
  integrity sha512-9ByhssR2fPVsNZj478qUUbKfmL0+t5BDVyjShtyZZLiK7ZDAArFFfopyOTj0M05wE2tJPisA4iTnnXl2YoPvOA==

has@^1.0.3:
  version "1.0.3"
  resolved "https://registry.npmmirror.com/has/-/has-1.0.3.tgz#722d7cbfc1f6aa8241f16dd814e011e1f41e8796"
  integrity sha512-f2dvO0VU6Oej7RkWJGrehjbzMAjFp5/VKPp5tTpWIV4JHHZK1/BxbFRtf/siA2SWTe09caDmVtYYzWEIbBS4zw==
  dependencies:
    function-bind "^1.1.1"

ini@^1.3.4:
  version "1.3.8"
  resolved "https://registry.npmmirror.com/ini/-/ini-1.3.8.tgz#a29da425b48806f34767a4efce397269af28432c"
  integrity sha512-JV/yugV2uzW5iMRSiZAyDtQd+nxtUnjeLt0acNdw98kKLrvuRVyB80tsREOE7yvGVgalhZ6RNXCmEHkUKBKxew==

is-core-module@^2.9.0:
  version "2.9.0"
  resolved "https://registry.npmmirror.com/is-core-module/-/is-core-module-2.9.0.tgz#e1c34429cd51c6dd9e09e0799e396e27b19a9c69"
  integrity sha512-+5FPy5PnwmO3lvfMb0AsoPaBG+5KHUI0wYFXOtYPnVVVspTFUuMZNfNaNVRt3FZadstu2c8x23vykRW/NBoU6A==
  dependencies:
    has "^1.0.3"

mock-require@^3.0.3:
  version "3.0.3"
  resolved "https://registry.npmmirror.com/mock-require/-/mock-require-3.0.3.tgz#ccd544d9eae81dd576b3f219f69ec867318a1946"
  integrity sha512-lLzfLHcyc10MKQnNUCv7dMcoY/2Qxd6wJfbqCcVk3LDb8An4hF6ohk5AztrvgKhJCqj36uyzi/p5se+tvyD+Wg==
  dependencies:
    get-caller-file "^1.0.2"
    normalize-path "^2.1.1"

normalize-path@^2.1.1:
  version "2.1.1"
  resolved "https://registry.npmmirror.com/normalize-path/-/normalize-path-2.1.1.tgz#1ab28b556e198363a8c1a6f7e6fa20137fe6aed9"
  integrity sha512-3pKJwH184Xo/lnH6oyP1q2pMd7HcypqqmRs91/6/i2CGtWwIKGCkOOMTm/zXbgTEWHw1uNpNi/igc3ePOYHb6w==
  dependencies:
    remove-trailing-separator "^1.0.1"

path-parse@^1.0.7:
  version "1.0.7"
  resolved "https://registry.npmmirror.com/path-parse/-/path-parse-1.0.7.tgz#fbc114b60ca42b30d9daf5858e4bd68bbedb6735"
  integrity sha512-LDJzPVEEEPR+y48z93A0Ed0yXb8pAByGWo/k5YYdYgpY2/2EsOsksJrq7lOHxryrVOn1ejG6oAp8ahvOIQD8sw==

remove-trailing-separator@^1.0.1:
  version "1.1.0"
  resolved "https://registry.npmmirror.com/remove-trailing-separator/-/remove-trailing-separator-1.1.0.tgz#c24bce2a283adad5bc3f58e0d48249b92379d8ef"
  integrity sha512-/hS+Y0u3aOfIETiaiirUFwDBDzmXPvO+jAfKTitUngIPzdKc6Z0LoFjM/CK5PL4C+eKwHohlHAb6H0VFfmmUsw==

resolve-from@^5.0.0:
  version "5.0.0"
  resolved "https://registry.npmmirror.com/resolve-from/-/resolve-from-5.0.0.tgz#c35225843df8f776df21c57557bc087e9dfdfc69"
  integrity sha512-qYg9KP24dD5qka9J47d0aVky0N+b4fTU89LN9iDnjB5waksiC49rvMB0PrUJQGoTmH50XPiqOvAjDfaijGxYZw==

resolve-global@^1.0.0:
  version "1.0.0"
  resolved "https://registry.npmmirror.com/resolve-global/-/resolve-global-1.0.0.tgz#a2a79df4af2ca3f49bf77ef9ddacd322dad19255"
  integrity sha512-zFa12V4OLtT5XUX/Q4VLvTfBf+Ok0SPc1FNGM/z9ctUdiU618qwKpWnd0CHs3+RqROfyEg/DhuHbMWYqcgljEw==
  dependencies:
    global-dirs "^0.1.1"

resolve@^1.15.1:
  version "1.22.1"
  resolved "https://registry.npmmirror.com/resolve/-/resolve-1.22.1.tgz#27cb2ebb53f91abb49470a928bba7558066ac177"
  integrity sha512-nBpuuYuY5jFsli/JIs1oldw6fOQCBioohqWZg/2hiaOybXOft4lonv85uDOKXdf8rhyK159cxU5cDcK/NKk8zw==
  dependencies:
    is-core-module "^2.9.0"
    path-parse "^1.0.7"
    supports-preserve-symlinks-flag "^1.0.0"

source-map@^0.7.3:
  version "0.7.4"
  resolved "https://registry.npmmirror.com/source-map/-/source-map-0.7.4.tgz#a9bbe705c9d8846f4e08ff6765acf0f1b0898656"
  integrity sha512-l3BikUxvPOcn5E74dZiq5BGsTb5yEwhaTSzccU6t4sDOH8NWJCstKO5QT2CvtFoK6F0saL7p9xHAqHOlCPJygA==

supports-preserve-symlinks-flag@^1.0.0:
  version "1.0.0"
  resolved "https://registry.npmmirror.com/supports-preserve-symlinks-flag/-/supports-preserve-symlinks-flag-1.0.0.tgz#6eda4bd344a3c94aea376d4cc31bc77311039e09"
  integrity sha512-ot0WnXS9fgdkgIcePe6RHNk1WA8+muPa6cSjeR3V8K27q9BB1rTE3R1p7Hv0z1ZyAc8s6Vvv8DIyWf681MAt0w==

tapable@^2.2.0:
  version "2.2.1"
  resolved "https://registry.npmmirror.com/tapable/-/tapable-2.2.1.tgz#1967a73ef4060a82f12ab96af86d52fdb76eeca0"
  integrity sha512-GNzQvQTOIP6RyTfE2Qxb8ZVlNmw0n88vp1szwWRimP02mnTsx3Wtn5qRdqY9w2XduFNUgvOwhNnQsjwCp+kqaQ==

tsc@^2.0.4:
  version "2.0.4"
  resolved "https://registry.npmmirror.com/tsc/-/tsc-2.0.4.tgz#5f6499146abea5dca4420b451fa4f2f9345238f5"
  integrity sha512-fzoSieZI5KKJVBYGvwbVZs/J5za84f2lSTLPYf6AGiIf43tZ3GNrI1QzTLcjtyDDP4aLxd46RTZq1nQxe7+k5Q==

tslib@^1.14.1:
  version "1.14.1"
  resolved "https://registry.npmmirror.com/tslib/-/tslib-1.14.1.tgz#cf2d38bdc34a134bcaf1091c41f6619e2f672d00"
  integrity sha512-Xni35NKzjgMrwevysHTCArtLDpPvye8zV/0E4EyYn43P7/7qvQwPh9BGkHewbMulVntbigmcT7rdX3BNo9wRJg==

typescript-to-lua@^0.36.0:
  version "0.36.1"
  resolved "https://registry.npmmirror.com/typescript-to-lua/-/typescript-to-lua-0.36.1.tgz#d9ce5e7ba4ac52fe654db498d59bd31158e650fc"
  integrity sha512-Ib1QAJGKizf8BBOJeiy2HOx2jJ1HvqODEUurBCHl8wg/5JwpMAUesSm8vqPcUovhJo6uOpbmpKIFvLK0aDNNIA==
  dependencies:
    resolve "^1.15.1"
    source-map "^0.7.3"
    typescript ">=4.0.2"

typescript-to-lua@^1.6.0:
  version "1.6.3"
  resolved "https://registry.npmmirror.com/typescript-to-lua/-/typescript-to-lua-1.6.3.tgz#a4afdabf6dba3d51bea12100c827202401dc37cf"
  integrity sha512-yfXxGjOwX6453wSgEB37lLdxZZ8m+LH1g3PfebNfKaZHGGtbm9owxE6oRKB3sWcy2CICkfobAjWf3VdhKnEETg==
  dependencies:
    enhanced-resolve "^5.8.2"
    resolve "^1.15.1"
    source-map "^0.7.3"

typescript-tstl-plugin@^0.3.2:
  version "0.3.2"
  resolved "https://registry.npmmirror.com/typescript-tstl-plugin/-/typescript-tstl-plugin-0.3.2.tgz#15ce191d21e56e4ea866470a91c85103884db41a"
  integrity sha512-KIz/Xl5AjDyMLPmYW8Bvco3KHJrKuXww4BlplYQ+piHR4wKyxB9th8d//0tkR3Qypjzyqt+QNgek0Gp26HV+Iw==
  dependencies:
    mock-require "^3.0.3"
    resolve-from "^5.0.0"
    resolve-global "^1.0.0"
    tslib "^1.14.1"
    typescript-to-lua "^0.36.0"

typescript@>=4.0.2, typescript@^4.7.4:
  version "4.7.4"
  resolved "https://registry.npmmirror.com/typescript/-/typescript-4.7.4.tgz#1a88596d1cf47d59507a1bcdfb5b9dfe4d488235"
  integrity sha512-C0WQT0gezHuw6AdY1M2jxUO83Rjf0HP7Sk1DtXj6j1EwkQNZrHAg2XPWlq62oqEhYvONq5pkC2Y9oPljWToLmQ==
